
Microsoft Visual Studio Solution File, Format Version 12.00
# Visual Studio Version 17
VisualStudioVersion = 17.11.35327.3
MinimumVisualStudioVersion = 10.0.40219.1
Project("{FAE04EC0-301F-11D3-BF4B-00C04F79EFBC}") = "HOCHUDOMOY", "HOCHUDOMOY\HOCHUDOMOY.csproj", "{AF22EBA5-5A52-46A2-A4F4-85136D907BC9}"
EndProject
Global
	GlobalSection(SolutionConfigurationPlatforms) = preSolution
		Debug|Any CPU = Debug|Any CPU
		Release|Any CPU = Release|Any CPU
	EndGlobalSection
	GlobalSection(ProjectConfigurationPlatforms) = postSolution
		{AF22EBA5-5A52-46A2-A4F4-85136D907BC9}.Debug|Any CPU.ActiveCfg = Debug|Any CPU
		{AF22EBA5-5A52-46A2-A4F4-85136D907BC9}.Debug|Any CPU.Build.0 = Debug|Any CPU
		{AF22EBA5-5A52-46A2-A4F4-85136D907BC9}.Release|Any CPU.ActiveCfg = Release|Any CPU
		{AF22EBA5-5A52-46A2-A4F4-85136D907BC9}.Release|Any CPU.Build.0 = Release|Any CPU
	EndGlobalSection
	GlobalSection(SolutionProperties) = preSolution
		HideSolutionNode = FALSE
	EndGlobalSection
	GlobalSection(ExtensibilityGlobals) = postSolution
		SolutionGuid = {476A0DA2-8FD5-42E5-BD83-8050BFE01F2F}
	EndGlobalSection
EndGlobal
